
Microsoft Visual Studio Solution File, Format Version 12.00
# Visual Studio Version 16
VisualStudioVersion = 16.0.31321.278
MinimumVisualStudioVersion = 10.0.40219.1
Project("{9A19103F-16F7-4668-BE54-9A1E7A4F7556}") = "Activity1", "Activity1\Activity1.csproj", "{3DBC5B0E-2379-45F9-8EDD-36ED3B965F8E}"
EndProject
Project("{FAE04EC0-301F-11D3-BF4B-00C04F79EFBC}") = "Activity1.Tests", "Activity1.Tests\Activity1.Tests.csproj", "{2F47CB44-EC0E-4BAA-9BBC-E982222E681C}"
EndProject
Global
	GlobalSection(SolutionConfigurationPlatforms) = preSolution
		Debug|Any CPU = Debug|Any CPU
		Release|Any CPU = Release|Any CPU
	EndGlobalSection
	GlobalSection(ProjectConfigurationPlatforms) = postSolution
		{3DBC5B0E-2379-45F9-8EDD-36ED3B965F8E}.Debug|Any CPU.ActiveCfg = Debug|Any CPU
		{3DBC5B0E-2379-45F9-8EDD-36ED3B965F8E}.Debug|Any CPU.Build.0 = Debug|Any CPU
		{3DBC5B0E-2379-45F9-8EDD-36ED3B965F8E}.Release|Any CPU.ActiveCfg = Release|Any CPU
		{3DBC5B0E-2379-45F9-8EDD-36ED3B965F8E}.Release|Any CPU.Build.0 = Release|Any CPU
		{2F47CB44-EC0E-4BAA-9BBC-E982222E681C}.Debug|Any CPU.ActiveCfg = Debug|Any CPU
		{2F47CB44-EC0E-4BAA-9BBC-E982222E681C}.Debug|Any CPU.Build.0 = Debug|Any CPU
		{2F47CB44-EC0E-4BAA-9BBC-E982222E681C}.Release|Any CPU.ActiveCfg = Release|Any CPU
		{2F47CB44-EC0E-4BAA-9BBC-E982222E681C}.Release|Any CPU.Build.0 = Release|Any CPU
	EndGlobalSection
	GlobalSection(SolutionProperties) = preSolution
		HideSolutionNode = FALSE
	EndGlobalSection
	GlobalSection(ExtensibilityGlobals) = postSolution
		SolutionGuid = {12EE6413-DF54-40B2-8570-D2764CC74905}
	EndGlobalSection
EndGlobal
